
Microsoft Visual Studio Solution File, Format Version 12.00
# Visual Studio Version 17
VisualStudioVersion = 17.5.33424.131
MinimumVisualStudioVersion = 10.0.40219.1
Project("{FAE04EC0-301F-11D3-BF4B-00C04F79EFBC}") = "SeniorProjectCompressionApp", "SeniorProjectCompressionApp.csproj", "{25F98E69-7F2A-4BC8-835E-0D6540080F6B}"
EndProject
Project("{FAE04EC0-301F-11D3-BF4B-00C04F79EFBC}") = "Verification", "Tests\Verification.csproj", "{8EA1D42A-F8B1-489F-AEE0-480F0278F557}"
EndProject
Global
	GlobalSection(SolutionConfigurationPlatforms) = preSolution
		Debug|Any CPU = Debug|Any CPU
		Release|Any CPU = Release|Any CPU
	EndGlobalSection
	GlobalSection(ProjectConfigurationPlatforms) = postSolution
		{25F98E69-7F2A-4BC8-835E-0D6540080F6B}.Debug|Any CPU.ActiveCfg = Debug|Any CPU
		{25F98E69-7F2A-4BC8-835E-0D6540080F6B}.Debug|Any CPU.Build.0 = Debug|Any CPU
		{25F98E69-7F2A-4BC8-835E-0D6540080F6B}.Release|Any CPU.ActiveCfg = Release|Any CPU
		{25F98E69-7F2A-4BC8-835E-0D6540080F6B}.Release|Any CPU.Build.0 = Release|Any CPU
		{8EA1D42A-F8B1-489F-AEE0-480F0278F557}.Debug|Any CPU.ActiveCfg = Debug|Any CPU
		{8EA1D42A-F8B1-489F-AEE0-480F0278F557}.Debug|Any CPU.Build.0 = Debug|Any CPU
		{8EA1D42A-F8B1-489F-AEE0-480F0278F557}.Release|Any CPU.ActiveCfg = Release|Any CPU
		{8EA1D42A-F8B1-489F-AEE0-480F0278F557}.Release|Any CPU.Build.0 = Release|Any CPU
	EndGlobalSection
	GlobalSection(SolutionProperties) = preSolution
		HideSolutionNode = FALSE
	EndGlobalSection
	GlobalSection(ExtensibilityGlobals) = postSolution
		SolutionGuid = {C2D23D42-21C3-4FBC-BA46-04BAEF5629E5}
	EndGlobalSection
EndGlobal
